// !$*UTF8*$!
{
	archiveVersion = 1;
	classes = {
	};
	objectVersion = 56;
	objects = {

/* Begin PBXBuildFile section */
		2F7254B64ECFF52A9DE1277A /* Pods_SnapChat.framework in Frameworks */ = {isa = PBXBuildFile; fileRef = FB4089A14CB1B6103E0F3147 /* Pods_SnapChat.framework */; };
		3604471129DECA180057962E /* FeedVC.swift in Sources */ = {isa = PBXBuildFile; fileRef = 3604471029DECA180057962E /* FeedVC.swift */; };
		3604471329DECA230057962E /* UploadVC.swift in Sources */ = {isa = PBXBuildFile; fileRef = 3604471229DECA230057962E /* UploadVC.swift */; };
		3604471529DECA2A0057962E /* SettingsVC.swift in Sources */ = {isa = PBXBuildFile; fileRef = 3604471429DECA2A0057962E /* SettingsVC.swift */; };
		3604471929DECD080057962E /* SnapVC.swift in Sources */ = {isa = PBXBuildFile; fileRef = 3604471829DECD080057962E /* SnapVC.swift */; };
		3604471C29DED82D0057962E /* UserSingleton.swift in Sources */ = {isa = PBXBuildFile; fileRef = 3604471B29DED82D0057962E /* UserSingleton.swift */; };
		3604471E29DEDE6E0057962E /* FeedCell.swift in Sources */ = {isa = PBXBuildFile; fileRef = 3604471D29DEDE6E0057962E /* FeedCell.swift */; };
		3604472029DEDFED0057962E /* Snap.swift in Sources */ = {isa = PBXBuildFile; fileRef = 3604471F29DEDFED0057962E /* Snap.swift */; };
		36DBBE8229DE25A000FC237D /* AppDelegate.swift in Sources */ = {isa = PBXBuildFile; fileRef = 36DBBE8129DE25A000FC237D /* AppDelegate.swift */; };
		36DBBE8429DE25A000FC237D /* SceneDelegate.swift in Sources */ = {isa = PBXBuildFile; fileRef = 36DBBE8329DE25A000FC237D /* SceneDelegate.swift */; };
		36DBBE8629DE25A000FC237D /* SignInVC.swift in Sources */ = {isa = PBXBuildFile; fileRef = 36DBBE8529DE25A000FC237D /* SignInVC.swift */; };
		36DBBE8929DE25A000FC237D /* Main.storyboard in Resources */ = {isa = PBXBuildFile; fileRef = 36DBBE8729DE25A000FC237D /* Main.storyboard */; };
		36DBBE8B29DE25A200FC237D /* Assets.xcassets in Resources */ = {isa = PBXBuildFile; fileRef = 36DBBE8A29DE25A200FC237D /* Assets.xcassets */; };
		36DBBE8E29DE25A200FC237D /* LaunchScreen.storyboard in Resources */ = {isa = PBXBuildFile; fileRef = 36DBBE8C29DE25A200FC237D /* LaunchScreen.storyboard */; };
		36DBBE9629DE261F00FC237D /* GoogleService-Info.plist in Resources */ = {isa = PBXBuildFile; fileRef = 36DBBE9529DE261F00FC237D /* GoogleService-Info.plist */; };
/* End PBXBuildFile section */

/* Begin PBXFileReference section */
		3604471029DECA180057962E /* FeedVC.swift */ = {isa = PBXFileReference; lastKnownFileType = sourcecode.swift; path = FeedVC.swift; sourceTree = "<group>"; };
		3604471229DECA230057962E /* UploadVC.swift */ = {isa = PBXFileReference; lastKnownFileType = sourcecode.swift; path = UploadVC.swift; sourceTree = "<group>"; };
		3604471429DECA2A0057962E /* SettingsVC.swift */ = {isa = PBXFileReference; lastKnownFileType = sourcecode.swift; path = SettingsVC.swift; sourceTree = "<group>"; };
		3604471829DECD080057962E /* SnapVC.swift */ = {isa = PBXFileReference; lastKnownFileType = sourcecode.swift; path = SnapVC.swift; sourceTree = "<group>"; };
		3604471B29DED82D0057962E /* UserSingleton.swift */ = {isa = PBXFileReference; lastKnownFileType = sourcecode.swift; path = UserSingleton.swift; sourceTree = "<group>"; };
		3604471D29DEDE6E0057962E /* FeedCell.swift */ = {isa = PBXFileReference; lastKnownFileType = sourcecode.swift; path = FeedCell.swift; sourceTree = "<group>"; };
		3604471F29DEDFED0057962E /* Snap.swift */ = {isa = PBXFileReference; lastKnownFileType = sourcecode.swift; path = Snap.swift; sourceTree = "<group>"; };
		36DBBE7E29DE25A000FC237D /* SnapChat.app */ = {isa = PBXFileReference; explicitFileType = wrapper.application; includeInIndex = 0; path = SnapChat.app; sourceTree = BUILT_PRODUCTS_DIR; };
		36DBBE8129DE25A000FC237D /* AppDelegate.swift */ = {isa = PBXFileReference; lastKnownFileType = sourcecode.swift; path = AppDelegate.swift; sourceTree = "<group>"; };
		36DBBE8329DE25A000FC237D /* SceneDelegate.swift */ = {isa = PBXFileReference; lastKnownFileType = sourcecode.swift; path = SceneDelegate.swift; sourceTree = "<group>"; };
		36DBBE8529DE25A000FC237D /* SignInVC.swift */ = {isa = PBXFileReference; lastKnownFileType = sourcecode.swift; path = SignInVC.swift; sourceTree = "<group>"; };
		36DBBE8829DE25A000FC237D /* Base */ = {isa = PBXFileReference; lastKnownFileType = file.storyboard; name = Base; path = Base.lproj/Main.storyboard; sourceTree = "<group>"; };
		36DBBE8A29DE25A200FC237D /* Assets.xcassets */ = {isa = PBXFileReference; lastKnownFileType = folder.assetcatalog; path = Assets.xcassets; sourceTree = "<group>"; };
		36DBBE8D29DE25A200FC237D /* Base */ = {isa = PBXFileReference; lastKnownFileType = file.storyboard; name = Base; path = Base.lproj/LaunchScreen.storyboard; sourceTree = "<group>"; };
		36DBBE8F29DE25A200FC237D /* Info.plist */ = {isa = PBXFileReference; lastKnownFileType = text.plist.xml; path = Info.plist; sourceTree = "<group>"; };
		36DBBE9529DE261F00FC237D /* GoogleService-Info.plist */ = {isa = PBXFileReference; fileEncoding = 4; lastKnownFileType = text.plist.xml; path = "GoogleService-Info.plist"; sourceTree = "<group>"; };
		DFCA934867915FD3A7F718EB /* Pods-SnapChat.release.xcconfig */ = {isa = PBXFileReference; includeInIndex = 1; lastKnownFileType = text.xcconfig; name = "Pods-SnapChat.release.xcconfig"; path = "Target Support Files/Pods-SnapChat/Pods-SnapChat.release.xcconfig"; sourceTree = "<group>"; };
		E43BD3CED2280CE1B793D948 /* Pods-SnapChat.debug.xcconfig */ = {isa = PBXFileReference; includeInIndex = 1; lastKnownFileType = text.xcconfig; name = "Pods-SnapChat.debug.xcconfig"; path = "Target Support Files/Pods-SnapChat/Pods-SnapChat.debug.xcconfig"; sourceTree = "<group>"; };
		FB4089A14CB1B6103E0F3147 /* Pods_SnapChat.framework */ = {isa = PBXFileReference; explicitFileType = wrapper.framework; includeInIndex = 0; path = Pods_SnapChat.framework; sourceTree = BUILT_PRODUCTS_DIR; };
/* End PBXFileReference section */

/* Begin PBXFrameworksBuildPhase section */
		36DBBE7B29DE25A000FC237D /* Frameworks */ = {
			isa = PBXFrameworksBuildPhase;
			buildActionMask = 2147483647;
			files = (
				2F7254B64ECFF52A9DE1277A /* Pods_SnapChat.framework in Frameworks */,
			);
			runOnlyForDeploymentPostprocessing = 0;
		};
/* End PBXFrameworksBuildPhase section */

/* Begin PBXGroup section */
		3604471629DECC1F0057962E /* Delegates */ = {
			isa = PBXGroup;
			children = (
				36DBBE8129DE25A000FC237D /* AppDelegate.swift */,
				36DBBE8329DE25A000FC237D /* SceneDelegate.swift */,
			);
			path = Delegates;
			sourceTree = "<group>";
		};
		3604471729DECC360057962E /* ViewControllers */ = {
			isa = PBXGroup;
			children = (
				3604471829DECD080057962E /* SnapVC.swift */,
				36DBBE8529DE25A000FC237D /* SignInVC.swift */,
				3604471029DECA180057962E /* FeedVC.swift */,
				3604471D29DEDE6E0057962E /* FeedCell.swift */,
				3604471229DECA230057962E /* UploadVC.swift */,
				3604471429DECA2A0057962E /* SettingsVC.swift */,
			);
			path = ViewControllers;
			sourceTree = "<group>";
		};
		3604471A29DED8180057962E /* Model */ = {
			isa = PBXGroup;
			children = (
				3604471B29DED82D0057962E /* UserSingleton.swift */,
				3604471F29DEDFED0057962E /* Snap.swift */,
			);
			path = Model;
			sourceTree = "<group>";
		};
		36DBBE7529DE25A000FC237D = {
			isa = PBXGroup;
			children = (
				36DBBE8029DE25A000FC237D /* SnapChat */,
				36DBBE7F29DE25A000FC237D /* Products */,
				7C2ABD7262A02E170CC54E74 /* Pods */,
				7D592ABAB30AA062D8A7B513 /* Frameworks */,
			);
			sourceTree = "<group>";
		};
		36DBBE7F29DE25A000FC237D /* Products */ = {
			isa = PBXGroup;
			children = (
				36DBBE7E29DE25A000FC237D /* SnapChat.app */,
			);
			name = Products;
			sourceTree = "<group>";
		};
		36DBBE8029DE25A000FC237D /* SnapChat */ = {
			isa = PBXGroup;
			children = (
				3604471A29DED8180057962E /* Model */,
				3604471729DECC360057962E /* ViewControllers */,
				3604471629DECC1F0057962E /* Delegates */,
				36DBBE8729DE25A000FC237D /* Main.storyboard */,
				36DBBE8A29DE25A200FC237D /* Assets.xcassets */,
				36DBBE8C29DE25A200FC237D /* LaunchScreen.storyboard */,
				36DBBE9529DE261F00FC237D /* GoogleService-Info.plist */,
				36DBBE8F29DE25A200FC237D /* Info.plist */,
			);
			path = SnapChat;
			sourceTree = "<group>";
		};
		7C2ABD7262A02E170CC54E74 /* Pods */ = {
			isa = PBXGroup;
			children = (
				E43BD3CED2280CE1B793D948 /* Pods-SnapChat.debug.xcconfig */,
				DFCA934867915FD3A7F718EB /* Pods-SnapChat.release.xcconfig */,
			);
			path = Pods;
			sourceTree = "<group>";
		};
		7D592ABAB30AA062D8A7B513 /* Frameworks */ = {
			isa = PBXGroup;
			children = (
				FB4089A14CB1B6103E0F3147 /* Pods_SnapChat.framework */,
			);
			name = Frameworks;
			sourceTree = "<group>";
		};
/* End PBXGroup section */

/* Begin PBXNativeTarget section */
		36DBBE7D29DE25A000FC237D /* SnapChat */ = {
			isa = PBXNativeTarget;
			buildConfigurationList = 36DBBE9229DE25A200FC237D /* Build configuration list for PBXNativeTarget "SnapChat" */;
			buildPhases = (
				F85C2C82D816FCC17B2602E3 /* [CP] Check Pods Manifest.lock */,
				36DBBE7A29DE25A000FC237D /* Sources */,
				36DBBE7B29DE25A000FC237D /* Frameworks */,
				36DBBE7C29DE25A000FC237D /* Resources */,
				B25D8BB14D47A25A351707CC /* [CP] Embed Pods Frameworks */,
			);
			buildRules = (
			);
			dependencies = (
			);
			name = SnapChat;
			productName = SnapChat;
			productReference = 36DBBE7E29DE25A000FC237D /* SnapChat.app */;
			productType = "com.apple.product-type.application";
		};
/* End PBXNativeTarget section */

/* Begin PBXProject section */
		36DBBE7629DE25A000FC237D /* Project object */ = {
			isa = PBXProject;
			attributes = {
				BuildIndependentTargetsInParallel = 1;
				LastSwiftUpdateCheck = 1410;
				LastUpgradeCheck = 1410;
				TargetAttributes = {
					36DBBE7D29DE25A000FC237D = {
						CreatedOnToolsVersion = 14.1;
					};
				};
			};
			buildConfigurationList = 36DBBE7929DE25A000FC237D /* Build configuration list for PBXProject "SnapChat" */;
			compatibilityVersion = "Xcode 14.0";
			developmentRegion = en;
			hasScannedForEncodings = 0;
			knownRegions = (
				en,
				Base,
			);
			mainGroup = 36DBBE7529DE25A000FC237D;
			productRefGroup = 36DBBE7F29DE25A000FC237D /* Products */;
			projectDirPath = "";
			projectRoot = "";
			targets = (
				36DBBE7D29DE25A000FC237D /* SnapChat */,
			);
		};
/* End PBXProject section */

/* Begin PBXResourcesBuildPhase section */
		36DBBE7C29DE25A000FC237D /* Resources */ = {
			isa = PBXResourcesBuildPhase;
			buildActionMask = 2147483647;
			files = (
				36DBBE8E29DE25A200FC237D /* LaunchScreen.storyboard in Resources */,
				36DBBE9629DE261F00FC237D /* GoogleService-Info.plist in Resources */,
				36DBBE8B29DE25A200FC237D /* Assets.xcassets in Resources */,
				36DBBE8929DE25A000FC237D /* Main.storyboard in Resources */,
			);
			runOnlyForDeploymentPostprocessing = 0;
		};
/* End PBXResourcesBuildPhase section */

/* Begin PBXShellScriptBuildPhase section */
		B25D8BB14D47A25A351707CC /* [CP] Embed Pods Frameworks */ = {
			isa = PBXShellScriptBuildPhase;
			buildActionMask = 2147483647;
			files = (
			);
			inputFileListPaths = (
				"${PODS_ROOT}/Target Support Files/Pods-SnapChat/Pods-SnapChat-frameworks-${CONFIGURATION}-input-files.xcfilelist",
			);
			name = "[CP] Embed Pods Frameworks";
			outputFileListPaths = (
				"${PODS_ROOT}/Target Support Files/Pods-SnapChat/Pods-SnapChat-frameworks-${CONFIGURATION}-output-files.xcfilelist",
			);
			runOnlyForDeploymentPostprocessing = 0;
			shellPath = /bin/sh;
			shellScript = "\"${PODS_ROOT}/Target Support Files/Pods-SnapChat/Pods-SnapChat-frameworks.sh\"\n";
			showEnvVarsInLog = 0;
		};
		F85C2C82D816FCC17B2602E3 /* [CP] Check Pods Manifest.lock */ = {
			isa = PBXShellScriptBuildPhase;
			buildActionMask = 2147483647;
			files = (
			);
			inputFileListPaths = (
			);
			inputPaths = (
				"${PODS_PODFILE_DIR_PATH}/Podfile.lock",
				"${PODS_ROOT}/Manifest.lock",
			);
			name = "[CP] Check Pods Manifest.lock";
			outputFileListPaths = (
			);
			outputPaths = (
				"$(DERIVED_FILE_DIR)/Pods-SnapChat-checkManifestLockResult.txt",
			);
			runOnlyForDeploymentPostprocessing = 0;
			shellPath = /bin/sh;
			shellScript = "diff \"${PODS_PODFILE_DIR_PATH}/Podfile.lock\" \"${PODS_ROOT}/Manifest.lock\" > /dev/null\nif [ $? != 0 ] ; then\n    # print error to STDERR\n    echo \"error: The sandbox is not in sync with the Podfile.lock. Run 'pod install' or update your CocoaPods installation.\" >&2\n    exit 1\nfi\n# This output is used by Xcode 'outputs' to avoid re-running this script phase.\necho \"SUCCESS\" > \"${SCRIPT_OUTPUT_FILE_0}\"\n";
			showEnvVarsInLog = 0;
		};
/* End PBXShellScriptBuildPhase section */

/* Begin PBXSourcesBuildPhase section */
		36DBBE7A29DE25A000FC237D /* Sources */ = {
			isa = PBXSourcesBuildPhase;
			buildActionMask = 2147483647;
			files = (
				3604471C29DED82D0057962E /* UserSingleton.swift in Sources */,
				3604472029DEDFED0057962E /* Snap.swift in Sources */,
				3604471129DECA180057962E /* FeedVC.swift in Sources */,
				36DBBE8629DE25A000FC237D /* SignInVC.swift in Sources */,
				36DBBE8229DE25A000FC237D /* AppDelegate.swift in Sources */,
				3604471329DECA230057962E /* UploadVC.swift in Sources */,
				3604471929DECD080057962E /* SnapVC.swift in Sources */,
				36DBBE8429DE25A000FC237D /* SceneDelegate.swift in Sources */,
				3604471529DECA2A0057962E /* SettingsVC.swift in Sources */,
				3604471E29DEDE6E0057962E /* FeedCell.swift in Sources */,
			);
			runOnlyForDeploymentPostprocessing = 0;
		};
/* End PBXSourcesBuildPhase section */

/* Begin PBXVariantGroup section */
		36DBBE8729DE25A000FC237D /* Main.storyboard */ = {
			isa = PBXVariantGroup;
			children = (
				36DBBE8829DE25A000FC237D /* Base */,
			);
			name = Main.storyboard;
			sourceTree = "<group>";
		};
		36DBBE8C29DE25A200FC237D /* LaunchScreen.storyboard */ = {
			isa = PBXVariantGroup;
			children = (
				36DBBE8D29DE25A200FC237D /* Base */,
			);
			name = LaunchScreen.storyboard;
			sourceTree = "<group>";
		};
/* End PBXVariantGroup section */

/* Begin XCBuildConfiguration section */
		36DBBE9029DE25A200FC237D /* Debug */ = {
			isa = XCBuildConfiguration;
			buildSettings = {
				ALWAYS_SEARCH_USER_PATHS = NO;
				CLANG_ANALYZER_NONNULL = YES;
				CLANG_ANALYZER_NUMBER_OBJECT_CONVERSION = YES_AGGRESSIVE;
				CLANG_CXX_LANGUAGE_STANDARD = "gnu++20";
				CLANG_ENABLE_MODULES = YES;
				CLANG_ENABLE_OBJC_ARC = YES;
				CLANG_ENABLE_OBJC_WEAK = YES;
				CLANG_WARN_BLOCK_CAPTURE_AUTORELEASING = YES;
				CLANG_WARN_BOOL_CONVERSION = YES;
				CLANG_WARN_COMMA = YES;
				CLANG_WARN_CONSTANT_CONVERSION = YES;
				CLANG_WARN_DEPRECATED_OBJC_IMPLEMENTATIONS = YES;
				CLANG_WARN_DIRECT_OBJC_ISA_USAGE = YES_ERROR;
				CLANG_WARN_DOCUMENTATION_COMMENTS = YES;
				CLANG_WARN_EMPTY_BODY = YES;
				CLANG_WARN_ENUM_CONVERSION = YES;
				CLANG_WARN_INFINITE_RECURSION = YES;
				CLANG_WARN_INT_CONVERSION = YES;
				CLANG_WARN_NON_LITERAL_NULL_CONVERSION = YES;
				CLANG_WARN_OBJC_IMPLICIT_RETAIN_SELF = YES;
				CLANG_WARN_OBJC_LITERAL_CONVERSION = YES;
				CLANG_WARN_OBJC_ROOT_CLASS = YES_ERROR;
				CLANG_WARN_QUOTED_INCLUDE_IN_FRAMEWORK_HEADER = YES;
				CLANG_WARN_RANGE_LOOP_ANALYSIS = YES;
				CLANG_WARN_STRICT_PROTOTYPES = YES;
				CLANG_WARN_SUSPICIOUS_MOVE = YES;
				CLANG_WARN_UNGUARDED_AVAILABILITY = YES_AGGRESSIVE;
				CLANG_WARN_UNREACHABLE_CODE = YES;
				CLANG_WARN__DUPLICATE_METHOD_MATCH = YES;
				COPY_PHASE_STRIP = NO;
				DEBUG_INFORMATION_FORMAT = dwarf;
				ENABLE_STRICT_OBJC_MSGSEND = YES;
				ENABLE_TESTABILITY = YES;
				GCC_C_LANGUAGE_STANDARD = gnu11;
				GCC_DYNAMIC_NO_PIC = NO;
				GCC_NO_COMMON_BLOCKS = YES;
				GCC_OPTIMIZATION_LEVEL = 0;
				GCC_PREPROCESSOR_DEFINITIONS = (
					"DEBUG=1",
					"$(inherited)",
				);
				GCC_WARN_64_TO_32_BIT_CONVERSION = YES;
				GCC_WARN_ABOUT_RETURN_TYPE = YES_ERROR;
				GCC_WARN_UNDECLARED_SELECTOR = YES;
				GCC_WARN_UNINITIALIZED_AUTOS = YES_AGGRESSIVE;
				GCC_WARN_UNUSED_FUNCTION = YES;
				GCC_WARN_UNUSED_VARIABLE = YES;
				IPHONEOS_DEPLOYMENT_TARGET = 16.1;
				MTL_ENABLE_DEBUG_INFO = INCLUDE_SOURCE;
				MTL_FAST_MATH = YES;
				ONLY_ACTIVE_ARCH = YES;
				SDKROOT = iphoneos;
				SWIFT_ACTIVE_COMPILATION_CONDITIONS = DEBUG;
				SWIFT_OPTIMIZATION_LEVEL = "-Onone";
			};
			name = Debug;
		};
		36DBBE9129DE25A200FC237D /* Release */ = {
			isa = XCBuildConfiguration;
			buildSettings = {
				ALWAYS_SEARCH_USER_PATHS = NO;
				CLANG_ANALYZER_NONNULL = YES;
				CLANG_ANALYZER_NUMBER_OBJECT_CONVERSION = YES_AGGRESSIVE;
				CLANG_CXX_LANGUAGE_STANDARD = "gnu++20";
				CLANG_ENABLE_MODULES = YES;
				CLANG_ENABLE_OBJC_ARC = YES;
				CLANG_ENABLE_OBJC_WEAK = YES;
				CLANG_WARN_BLOCK_CAPTURE_AUTORELEASING = YES;
				CLANG_WARN_BOOL_CONVERSION = YES;
				CLANG_WARN_COMMA = YES;
				CLANG_WARN_CONSTANT_CONVERSION = YES;
				CLANG_WARN_DEPRECATED_OBJC_IMPLEMENTATIONS = YES;
				CLANG_WARN_DIRECT_OBJC_ISA_USAGE = YES_ERROR;
				CLANG_WARN_DOCUMENTATION_COMMENTS = YES;
				CLANG_WARN_EMPTY_BODY = YES;
				CLANG_WARN_ENUM_CONVERSION = YES;
				CLANG_WARN_INFINITE_RECURSION = YES;
				CLANG_WARN_INT_CONVERSION = YES;
				CLANG_WARN_NON_LITERAL_NULL_CONVERSION = YES;
				CLANG_WARN_OBJC_IMPLICIT_RETAIN_SELF = YES;
				CLANG_WARN_OBJC_LITERAL_CONVERSION = YES;
				CLANG_WARN_OBJC_ROOT_CLASS = YES_ERROR;
				CLANG_WARN_QUOTED_INCLUDE_IN_FRAMEWORK_HEADER = YES;
				CLANG_WARN_RANGE_LOOP_ANALYSIS = YES;
				CLANG_WARN_STRICT_PROTOTYPES = YES;
				CLANG_WARN_SUSPICIOUS_MOVE = YES;
				CLANG_WARN_UNGUARDED_AVAILABILITY = YES_AGGRESSIVE;
				CLANG_WARN_UNREACHABLE_CODE = YES;
				CLANG_WARN__DUPLICATE_METHOD_MATCH = YES;
				COPY_PHASE_STRIP = NO;
				DEBUG_INFORMATION_FORMAT = "dwarf-with-dsym";
				ENABLE_NS_ASSERTIONS = NO;
				ENABLE_STRICT_OBJC_MSGSEND = YES;
				GCC_C_LANGUAGE_STANDARD = gnu11;
				GCC_NO_COMMON_BLOCKS = YES;
				GCC_WARN_64_TO_32_BIT_CONVERSION = YES;
				GCC_WARN_ABOUT_RETURN_TYPE = YES_ERROR;
				GCC_WARN_UNDECLARED_SELECTOR = YES;
				GCC_WARN_UNINITIALIZED_AUTOS = YES_AGGRESSIVE;
				GCC_WARN_UNUSED_FUNCTION = YES;
				GCC_WARN_UNUSED_VARIABLE = YES;
				IPHONEOS_DEPLOYMENT_TARGET = 16.1;
				MTL_ENABLE_DEBUG_INFO = NO;
				MTL_FAST_MATH = YES;
				SDKROOT = iphoneos;
				SWIFT_COMPILATION_MODE = wholemodule;
				SWIFT_OPTIMIZATION_LEVEL = "-O";
				VALIDATE_PRODUCT = YES;
			};
			name = Release;
		};
		36DBBE9329DE25A200FC237D /* Debug */ = {
			isa = XCBuildConfiguration;
			baseConfigurationReference = E43BD3CED2280CE1B793D948 /* Pods-SnapChat.debug.xcconfig */;
			buildSettings = {
				ASSETCATALOG_COMPILER_APPICON_NAME = AppIcon;
				ASSETCATALOG_COMPILER_GLOBAL_ACCENT_COLOR_NAME = AccentColor;
				CODE_SIGN_STYLE = Automatic;
				CURRENT_PROJECT_VERSION = 1;
				DEVELOPMENT_TEAM = 56GPYX4M8B;
				GENERATE_INFOPLIST_FILE = YES;
				INFOPLIST_FILE = SnapChat/Info.plist;
				INFOPLIST_KEY_UIApplicationSupportsIndirectInputEvents = YES;
				INFOPLIST_KEY_UILaunchStoryboardName = LaunchScreen;
				INFOPLIST_KEY_UIMainStoryboardFile = Main;
				INFOPLIST_KEY_UISupportedInterfaceOrientations_iPad = "UIInterfaceOrientationPortrait UIInterfaceOrientationPortraitUpsideDown UIInterfaceOrientationLandscapeLeft UIInterfaceOrientationLandscapeRight";
				INFOPLIST_KEY_UISupportedInterfaceOrientations_iPhone = "UIInterfaceOrientationPortrait UIInterfaceOrientationLandscapeLeft UIInterfaceOrientationLandscapeRight";
				LD_RUNPATH_SEARCH_PATHS = (
					"$(inherited)",
					"@executable_path/Frameworks",
				);
				MARKETING_VERSION = 1.0;
				PRODUCT_BUNDLE_IDENTIFIER = com.CanKanbur.SnapChat;
				PRODUCT_NAME = "$(TARGET_NAME)";
				SWIFT_EMIT_LOC_STRINGS = YES;
				SWIFT_VERSION = 5.0;
				TARGETED_DEVICE_FAMILY = "1,2";
			};
			name = Debug;
		};
		36DBBE9429DE25A200FC237D /* Release */ = {
			isa = XCBuildConfiguration;
			baseConfigurationReference = DFCA934867915FD3A7F718EB /* Pods-SnapChat.release.xcconfig */;
			buildSettings = {
				ASSETCATALOG_COMPILER_APPICON_NAME = AppIcon;
				ASSETCATALOG_COMPILER_GLOBAL_ACCENT_COLOR_NAME = AccentColor;
				CODE_SIGN_STYLE = Automatic;
				CURRENT_PROJECT_VERSION = 1;
				DEVELOPMENT_TEAM = 56GPYX4M8B;
				GENERATE_INFOPLIST_FILE = YES;
				INFOPLIST_FILE = SnapChat/Info.plist;
				INFOPLIST_KEY_UIApplicationSupportsIndirectInputEvents = YES;
				INFOPLIST_KEY_UILaunchStoryboardName = LaunchScreen;
				INFOPLIST_KEY_UIMainStoryboardFile = Main;
				INFOPLIST_KEY_UISupportedInterfaceOrientations_iPad = "UIInterfaceOrientationPortrait UIInterfaceOrientationPortraitUpsideDown UIInterfaceOrientationLandscapeLeft UIInterfaceOrientationLandscapeRight";
				INFOPLIST_KEY_UISupportedInterfaceOrientations_iPhone = "UIInterfaceOrientationPortrait UIInterfaceOrientationLandscapeLeft UIInterfaceOrientationLandscapeRight";
				LD_RUNPATH_SEARCH_PATHS = (
					"$(inherited)",
					"@executable_path/Frameworks",
				);
				MARKETING_VERSION = 1.0;
				PRODUCT_BUNDLE_IDENTIFIER = com.CanKanbur.SnapChat;
				PRODUCT_NAME = "$(TARGET_NAME)";
				SWIFT_EMIT_LOC_STRINGS = YES;
				SWIFT_VERSION = 5.0;
				TARGETED_DEVICE_FAMILY = "1,2";
			};
			name = Release;
		};
/* End XCBuildConfiguration section */

/* Begin XCConfigurationList section */
		36DBBE7929DE25A000FC237D /* Build configuration list for PBXProject "SnapChat" */ = {
			isa = XCConfigurationList;
			buildConfigurations = (
				36DBBE9029DE25A200FC237D /* Debug */,
				36DBBE9129DE25A200FC237D /* Release */,
			);
			defaultConfigurationIsVisible = 0;
			defaultConfigurationName = Release;
		};
		36DBBE9229DE25A200FC237D /* Build configuration list for PBXNativeTarget "SnapChat" */ = {
			isa = XCConfigurationList;
			buildConfigurations = (
				36DBBE9329DE25A200FC237D /* Debug */,
				36DBBE9429DE25A200FC237D /* Release */,
			);
			defaultConfigurationIsVisible = 0;
			defaultConfigurationName = Release;
		};
/* End XCConfigurationList section */
	};
	rootObject = 36DBBE7629DE25A000FC237D /* Project object */;
}
